// !$*UTF8*$!
{
	archiveVersion = 1;
	classes = {
	};
	objectVersion = 56;
	objects = {

/* Begin PBXBuildFile section */
		8BA361E4298F26C0006EC070 /* iOSFirebaseDemosApp.swift in Sources */ = {isa = PBXBuildFile; fileRef = 8BA361E3298F26C0006EC070 /* iOSFirebaseDemosApp.swift */; };
		8BA361E6298F26C0006EC070 /* ContentView.swift in Sources */ = {isa = PBXBuildFile; fileRef = 8BA361E5298F26C0006EC070 /* ContentView.swift */; };
		8BA361E8298F26C2006EC070 /* Assets.xcassets in Resources */ = {isa = PBXBuildFile; fileRef = 8BA361E7298F26C2006EC070 /* Assets.xcassets */; };
		8BA361EB298F26C2006EC070 /* Preview Assets.xcassets in Resources */ = {isa = PBXBuildFile; fileRef = 8BA361EA298F26C2006EC070 /* Preview Assets.xcassets */; };
		8BA361F5298F26C2006EC070 /* iOSFirebaseDemosTests.swift in Sources */ = {isa = PBXBuildFile; fileRef = 8BA361F4298F26C2006EC070 /* iOSFirebaseDemosTests.swift */; };
		8BA361FF298F26C2006EC070 /* iOSFirebaseDemosUITests.swift in Sources */ = {isa = PBXBuildFile; fileRef = 8BA361FE298F26C2006EC070 /* iOSFirebaseDemosUITests.swift */; };
		8BA36201298F26C2006EC070 /* iOSFirebaseDemosUITestsLaunchTests.swift in Sources */ = {isa = PBXBuildFile; fileRef = 8BA36200298F26C2006EC070 /* iOSFirebaseDemosUITestsLaunchTests.swift */; };
		8BA3620F298F2900006EC070 /* FirebaseAnalytics in Frameworks */ = {isa = PBXBuildFile; productRef = 8BA3620E298F2900006EC070 /* FirebaseAnalytics */; };
		8BA36211298F2900006EC070 /* FirebaseCrashlytics in Frameworks */ = {isa = PBXBuildFile; productRef = 8BA36210298F2900006EC070 /* FirebaseCrashlytics */; };
		8BA36213298F2B5A006EC070 /* GoogleService-Info.plist in Resources */ = {isa = PBXBuildFile; fileRef = 8BA36212298F2B59006EC070 /* GoogleService-Info.plist */; };
/* End PBXBuildFile section */

/* Begin PBXContainerItemProxy section */
		8BA361F1298F26C2006EC070 /* PBXContainerItemProxy */ = {
			isa = PBXContainerItemProxy;
			containerPortal = 8BA361D8298F26C0006EC070 /* Project object */;
			proxyType = 1;
			remoteGlobalIDString = 8BA361DF298F26C0006EC070;
			remoteInfo = iOSFirebaseDemos;
		};
		8BA361FB298F26C2006EC070 /* PBXContainerItemProxy */ = {
			isa = PBXContainerItemProxy;
			containerPortal = 8BA361D8298F26C0006EC070 /* Project object */;
			proxyType = 1;
			remoteGlobalIDString = 8BA361DF298F26C0006EC070;
			remoteInfo = iOSFirebaseDemos;
		};
/* End PBXContainerItemProxy section */

/* Begin PBXFileReference section */
		8BA361E0298F26C0006EC070 /* iOSFirebaseDemos.app */ = {isa = PBXFileReference; explicitFileType = wrapper.application; includeInIndex = 0; path = iOSFirebaseDemos.app; sourceTree = BUILT_PRODUCTS_DIR; };
		8BA361E3298F26C0006EC070 /* iOSFirebaseDemosApp.swift */ = {isa = PBXFileReference; lastKnownFileType = sourcecode.swift; path = iOSFirebaseDemosApp.swift; sourceTree = "<group>"; };
		8BA361E5298F26C0006EC070 /* ContentView.swift */ = {isa = PBXFileReference; lastKnownFileType = sourcecode.swift; path = ContentView.swift; sourceTree = "<group>"; };
		8BA361E7298F26C2006EC070 /* Assets.xcassets */ = {isa = PBXFileReference; lastKnownFileType = folder.assetcatalog; path = Assets.xcassets; sourceTree = "<group>"; };
		8BA361EA298F26C2006EC070 /* Preview Assets.xcassets */ = {isa = PBXFileReference; lastKnownFileType = folder.assetcatalog; path = "Preview Assets.xcassets"; sourceTree = "<group>"; };
		8BA361F0298F26C2006EC070 /* iOSFirebaseDemosTests.xctest */ = {isa = PBXFileReference; explicitFileType = wrapper.cfbundle; includeInIndex = 0; path = iOSFirebaseDemosTests.xctest; sourceTree = BUILT_PRODUCTS_DIR; };
		8BA361F4298F26C2006EC070 /* iOSFirebaseDemosTests.swift */ = {isa = PBXFileReference; lastKnownFileType = sourcecode.swift; path = iOSFirebaseDemosTests.swift; sourceTree = "<group>"; };
		8BA361FA298F26C2006EC070 /* iOSFirebaseDemosUITests.xctest */ = {isa = PBXFileReference; explicitFileType = wrapper.cfbundle; includeInIndex = 0; path = iOSFirebaseDemosUITests.xctest; sourceTree = BUILT_PRODUCTS_DIR; };
		8BA361FE298F26C2006EC070 /* iOSFirebaseDemosUITests.swift */ = {isa = PBXFileReference; lastKnownFileType = sourcecode.swift; path = iOSFirebaseDemosUITests.swift; sourceTree = "<group>"; };
		8BA36200298F26C2006EC070 /* iOSFirebaseDemosUITestsLaunchTests.swift */ = {isa = PBXFileReference; lastKnownFileType = sourcecode.swift; path = iOSFirebaseDemosUITestsLaunchTests.swift; sourceTree = "<group>"; };
		8BA36212298F2B59006EC070 /* GoogleService-Info.plist */ = {isa = PBXFileReference; fileEncoding = 4; lastKnownFileType = text.plist.xml; path = "GoogleService-Info.plist"; sourceTree = "<group>"; };
/* End PBXFileReference section */

/* Begin PBXFrameworksBuildPhase section */
		8BA361DD298F26C0006EC070 /* Frameworks */ = {
			isa = PBXFrameworksBuildPhase;
			buildActionMask = 2147483647;
			files = (
				8BA3620F298F2900006EC070 /* FirebaseAnalytics in Frameworks */,
				8BA36211298F2900006EC070 /* FirebaseCrashlytics in Frameworks */,
			);
			runOnlyForDeploymentPostprocessing = 0;
		};
		8BA361ED298F26C2006EC070 /* Frameworks */ = {
			isa = PBXFrameworksBuildPhase;
			buildActionMask = 2147483647;
			files = (
			);
			runOnlyForDeploymentPostprocessing = 0;
		};
		8BA361F7298F26C2006EC070 /* Frameworks */ = {
			isa = PBXFrameworksBuildPhase;
			buildActionMask = 2147483647;
			files = (
			);
			runOnlyForDeploymentPostprocessing = 0;
		};
/* End PBXFrameworksBuildPhase section */

/* Begin PBXGroup section */
		8BA361D7298F26C0006EC070 = {
			isa = PBXGroup;
			children = (
				8BA361E2298F26C0006EC070 /* iOSFirebaseDemos */,
				8BA361F3298F26C2006EC070 /* iOSFirebaseDemosTests */,
				8BA361FD298F26C2006EC070 /* iOSFirebaseDemosUITests */,
				8BA361E1298F26C0006EC070 /* Products */,
			);
			sourceTree = "<group>";
		};
		8BA361E1298F26C0006EC070 /* Products */ = {
			isa = PBXGroup;
			children = (
				8BA361E0298F26C0006EC070 /* iOSFirebaseDemos.app */,
				8BA361F0298F26C2006EC070 /* iOSFirebaseDemosTests.xctest */,
				8BA361FA298F26C2006EC070 /* iOSFirebaseDemosUITests.xctest */,
			);
			name = Products;
			sourceTree = "<group>";
		};
		8BA361E2298F26C0006EC070 /* iOSFirebaseDemos */ = {
			isa = PBXGroup;
			children = (
				8BA361E3298F26C0006EC070 /* iOSFirebaseDemosApp.swift */,
				8BA361E5298F26C0006EC070 /* ContentView.swift */,
				8BA361E7298F26C2006EC070 /* Assets.xcassets */,
				8BA36212298F2B59006EC070 /* GoogleService-Info.plist */,
				8BA361E9298F26C2006EC070 /* Preview Content */,
			);
			path = iOSFirebaseDemos;
			sourceTree = "<group>";
		};
		8BA361E9298F26C2006EC070 /* Preview Content */ = {
			isa = PBXGroup;
			children = (
				8BA361EA298F26C2006EC070 /* Preview Assets.xcassets */,
			);
			path = "Preview Content";
			sourceTree = "<group>";
		};
		8BA361F3298F26C2006EC070 /* iOSFirebaseDemosTests */ = {
			isa = PBXGroup;
			children = (
				8BA361F4298F26C2006EC070 /* iOSFirebaseDemosTests.swift */,
			);
			path = iOSFirebaseDemosTests;
			sourceTree = "<group>";
		};
		8BA361FD298F26C2006EC070 /* iOSFirebaseDemosUITests */ = {
			isa = PBXGroup;
			children = (
				8BA361FE298F26C2006EC070 /* iOSFirebaseDemosUITests.swift */,
				8BA36200298F26C2006EC070 /* iOSFirebaseDemosUITestsLaunchTests.swift */,
			);
			path = iOSFirebaseDemosUITests;
			sourceTree = "<group>";
		};
/* End PBXGroup section */

/* Begin PBXNativeTarget section */
		8BA361DF298F26C0006EC070 /* iOSFirebaseDemos */ = {
			isa = PBXNativeTarget;
			buildConfigurationList = 8BA36204298F26C2006EC070 /* Build configuration list for PBXNativeTarget "iOSFirebaseDemos" */;
			buildPhases = (
				8BA361DC298F26C0006EC070 /* Sources */,
				8BA361DD298F26C0006EC070 /* Frameworks */,
				8BA361DE298F26C0006EC070 /* Resources */,
				8BA36214298F2DA9006EC070 /* Crashlytics Run Script */,
			);
			buildRules = (
			);
			dependencies = (
			);
			name = iOSFirebaseDemos;
			packageProductDependencies = (
				8BA3620E298F2900006EC070 /* FirebaseAnalytics */,
				8BA36210298F2900006EC070 /* FirebaseCrashlytics */,
			);
			productName = iOSFirebaseDemos;
			productReference = 8BA361E0298F26C0006EC070 /* iOSFirebaseDemos.app */;
			productType = "com.apple.product-type.application";
		};
		8BA361EF298F26C2006EC070 /* iOSFirebaseDemosTests */ = {
			isa = PBXNativeTarget;
			buildConfigurationList = 8BA36207298F26C2006EC070 /* Build configuration list for PBXNativeTarget "iOSFirebaseDemosTests" */;
			buildPhases = (
				8BA361EC298F26C2006EC070 /* Sources */,
				8BA361ED298F26C2006EC070 /* Frameworks */,
				8BA361EE298F26C2006EC070 /* Resources */,
			);
			buildRules = (
			);
			dependencies = (
				8BA361F2298F26C2006EC070 /* PBXTargetDependency */,
			);
			name = iOSFirebaseDemosTests;
			productName = iOSFirebaseDemosTests;
			productReference = 8BA361F0298F26C2006EC070 /* iOSFirebaseDemosTests.xctest */;
			productType = "com.apple.product-type.bundle.unit-test";
		};
		8BA361F9298F26C2006EC070 /* iOSFirebaseDemosUITests */ = {
			isa = PBXNativeTarget;
			buildConfigurationList = 8BA3620A298F26C2006EC070 /* Build configuration list for PBXNativeTarget "iOSFirebaseDemosUITests" */;
			buildPhases = (
				8BA361F6298F26C2006EC070 /* Sources */,
				8BA361F7298F26C2006EC070 /* Frameworks */,
				8BA361F8298F26C2006EC070 /* Resources */,
			);
			buildRules = (
			);
			dependencies = (
				8BA361FC298F26C2006EC070 /* PBXTargetDependency */,
			);
			name = iOSFirebaseDemosUITests;
			productName = iOSFirebaseDemosUITests;
			productReference = 8BA361FA298F26C2006EC070 /* iOSFirebaseDemosUITests.xctest */;
			productType = "com.apple.product-type.bundle.ui-testing";
		};
/* End PBXNativeTarget section */

/* Begin PBXProject section */
		8BA361D8298F26C0006EC070 /* Project object */ = {
			isa = PBXProject;
			attributes = {
				BuildIndependentTargetsInParallel = 1;
				LastSwiftUpdateCheck = 1410;
				LastUpgradeCheck = 1410;
				TargetAttributes = {
					8BA361DF298F26C0006EC070 = {
						CreatedOnToolsVersion = 14.1;
					};
					8BA361EF298F26C2006EC070 = {
						CreatedOnToolsVersion = 14.1;
						TestTargetID = 8BA361DF298F26C0006EC070;
					};
					8BA361F9298F26C2006EC070 = {
						CreatedOnToolsVersion = 14.1;
						TestTargetID = 8BA361DF298F26C0006EC070;
					};
				};
			};
			buildConfigurationList = 8BA361DB298F26C0006EC070 /* Build configuration list for PBXProject "iOSFirebaseDemos" */;
			compatibilityVersion = "Xcode 14.0";
			developmentRegion = en;
			hasScannedForEncodings = 0;
			knownRegions = (
				en,
				Base,
			);
			mainGroup = 8BA361D7298F26C0006EC070;
			packageReferences = (
				8BA3620D298F2900006EC070 /* XCRemoteSwiftPackageReference "firebase-ios-sdk" */,
			);
			productRefGroup = 8BA361E1298F26C0006EC070 /* Products */;
			projectDirPath = "";
			projectRoot = "";
			targets = (
				8BA361DF298F26C0006EC070 /* iOSFirebaseDemos */,
				8BA361EF298F26C2006EC070 /* iOSFirebaseDemosTests */,
				8BA361F9298F26C2006EC070 /* iOSFirebaseDemosUITests */,
			);
		};
/* End PBXProject section */

/* Begin PBXResourcesBuildPhase section */
		8BA361DE298F26C0006EC070 /* Resources */ = {
			isa = PBXResourcesBuildPhase;
			buildActionMask = 2147483647;
			files = (
				8BA361EB298F26C2006EC070 /* Preview Assets.xcassets in Resources */,
				8BA361E8298F26C2006EC070 /* Assets.xcassets in Resources */,
				8BA36213298F2B5A006EC070 /* GoogleService-Info.plist in Resources */,
			);
			runOnlyForDeploymentPostprocessing = 0;
		};
		8BA361EE298F26C2006EC070 /* Resources */ = {
			isa = PBXResourcesBuildPhase;
			buildActionMask = 2147483647;
			files = (
			);
			runOnlyForDeploymentPostprocessing = 0;
		};
		8BA361F8298F26C2006EC070 /* Resources */ = {
			isa = PBXResourcesBuildPhase;
			buildActionMask = 2147483647;
			files = (
			);
			runOnlyForDeploymentPostprocessing = 0;
		};
/* End PBXResourcesBuildPhase section */

/* Begin PBXShellScriptBuildPhase section */
		8BA36214298F2DA9006EC070 /* Crashlytics Run Script */ = {
			isa = PBXShellScriptBuildPhase;
			buildActionMask = 2147483647;
			files = (
			);
			inputFileListPaths = (
			);
			inputPaths = (
				"${DWARF_DSYM_FOLDER_PATH}/${DWARF_DSYM_FILE_NAME}/Contents/Resources/DWARF/${TARGET_NAME}",
				"$(SRCROOT)/$(BUILT_PRODUCTS_DIR)/$(INFOPLIST_PATH)",
			);
			name = "Crashlytics Run Script";
			outputFileListPaths = (
			);
			outputPaths = (
			);
			runOnlyForDeploymentPostprocessing = 0;
			shellPath = /bin/sh;
			shellScript = "# Type a script or drag a script file from your workspace to insert its path.\n\n${BUILD_DIR%/Build/*}/SourcePackages/checkouts/firebase-ios-sdk/Crashlytics/run\n";
		};
/* End PBXShellScriptBuildPhase section */

/* Begin PBXSourcesBuildPhase section */
		8BA361DC298F26C0006EC070 /* Sources */ = {
			isa = PBXSourcesBuildPhase;
			buildActionMask = 2147483647;
			files = (
				8BA361E6298F26C0006EC070 /* ContentView.swift in Sources */,
				8BA361E4298F26C0006EC070 /* iOSFirebaseDemosApp.swift in Sources */,
			);
			runOnlyForDeploymentPostprocessing = 0;
		};
		8BA361EC298F26C2006EC070 /* Sources */ = {
			isa = PBXSourcesBuildPhase;
			buildActionMask = 2147483647;
			files = (
				8BA361F5298F26C2006EC070 /* iOSFirebaseDemosTests.swift in Sources */,
			);
			runOnlyForDeploymentPostprocessing = 0;
		};
		8BA361F6298F26C2006EC070 /* Sources */ = {
			isa = PBXSourcesBuildPhase;
			buildActionMask = 2147483647;
			files = (
				8BA36201298F26C2006EC070 /* iOSFirebaseDemosUITestsLaunchTests.swift in Sources */,
				8BA361FF298F26C2006EC070 /* iOSFirebaseDemosUITests.swift in Sources */,
			);
			runOnlyForDeploymentPostprocessing = 0;
		};
/* End PBXSourcesBuildPhase section */

/* Begin PBXTargetDependency section */
		8BA361F2298F26C2006EC070 /* PBXTargetDependency */ = {
			isa = PBXTargetDependency;
			target = 8BA361DF298F26C0006EC070 /* iOSFirebaseDemos */;
			targetProxy = 8BA361F1298F26C2006EC070 /* PBXContainerItemProxy */;
		};
		8BA361FC298F26C2006EC070 /* PBXTargetDependency */ = {
			isa = PBXTargetDependency;
			target = 8BA361DF298F26C0006EC070 /* iOSFirebaseDemos */;
			targetProxy = 8BA361FB298F26C2006EC070 /* PBXContainerItemProxy */;
		};
/* End PBXTargetDependency section */

/* Begin XCBuildConfiguration section */
		8BA36202298F26C2006EC070 /* Debug */ = {
			isa = XCBuildConfiguration;
			buildSettings = {
				ALWAYS_SEARCH_USER_PATHS = NO;
				CLANG_ANALYZER_NONNULL = YES;
				CLANG_ANALYZER_NUMBER_OBJECT_CONVERSION = YES_AGGRESSIVE;
				CLANG_CXX_LANGUAGE_STANDARD = "gnu++20";
				CLANG_ENABLE_MODULES = YES;
				CLANG_ENABLE_OBJC_ARC = YES;
				CLANG_ENABLE_OBJC_WEAK = YES;
				CLANG_WARN_BLOCK_CAPTURE_AUTORELEASING = YES;
				CLANG_WARN_BOOL_CONVERSION = YES;
				CLANG_WARN_COMMA = YES;
				CLANG_WARN_CONSTANT_CONVERSION = YES;
				CLANG_WARN_DEPRECATED_OBJC_IMPLEMENTATIONS = YES;
				CLANG_WARN_DIRECT_OBJC_ISA_USAGE = YES_ERROR;
				CLANG_WARN_DOCUMENTATION_COMMENTS = YES;
				CLANG_WARN_EMPTY_BODY = YES;
				CLANG_WARN_ENUM_CONVERSION = YES;
				CLANG_WARN_INFINITE_RECURSION = YES;
				CLANG_WARN_INT_CONVERSION = YES;
				CLANG_WARN_NON_LITERAL_NULL_CONVERSION = YES;
				CLANG_WARN_OBJC_IMPLICIT_RETAIN_SELF = YES;
				CLANG_WARN_OBJC_LITERAL_CONVERSION = YES;
				CLANG_WARN_OBJC_ROOT_CLASS = YES_ERROR;
				CLANG_WARN_QUOTED_INCLUDE_IN_FRAMEWORK_HEADER = YES;
				CLANG_WARN_RANGE_LOOP_ANALYSIS = YES;
				CLANG_WARN_STRICT_PROTOTYPES = YES;
				CLANG_WARN_SUSPICIOUS_MOVE = YES;
				CLANG_WARN_UNGUARDED_AVAILABILITY = YES_AGGRESSIVE;
				CLANG_WARN_UNREACHABLE_CODE = YES;
				CLANG_WARN__DUPLICATE_METHOD_MATCH = YES;
				COPY_PHASE_STRIP = NO;
				DEBUG_INFORMATION_FORMAT = "dwarf-with-dsym";
				ENABLE_STRICT_OBJC_MSGSEND = YES;
				ENABLE_TESTABILITY = YES;
				GCC_C_LANGUAGE_STANDARD = gnu11;
				GCC_DYNAMIC_NO_PIC = NO;
				GCC_NO_COMMON_BLOCKS = YES;
				GCC_OPTIMIZATION_LEVEL = 0;
				GCC_PREPROCESSOR_DEFINITIONS = (
					"DEBUG=1",
					"$(inherited)",
				);
				GCC_WARN_64_TO_32_BIT_CONVERSION = YES;
				GCC_WARN_ABOUT_RETURN_TYPE = YES_ERROR;
				GCC_WARN_UNDECLARED_SELECTOR = YES;
				GCC_WARN_UNINITIALIZED_AUTOS = YES_AGGRESSIVE;
				GCC_WARN_UNUSED_FUNCTION = YES;
				GCC_WARN_UNUSED_VARIABLE = YES;
				IPHONEOS_DEPLOYMENT_TARGET = 16.1;
				MTL_ENABLE_DEBUG_INFO = INCLUDE_SOURCE;
				MTL_FAST_MATH = YES;
				ONLY_ACTIVE_ARCH = YES;
				SDKROOT = iphoneos;
				SWIFT_ACTIVE_COMPILATION_CONDITIONS = DEBUG;
				SWIFT_OPTIMIZATION_LEVEL = "-Onone";
			};
			name = Debug;
		};
		8BA36203298F26C2006EC070 /* Release */ = {
			isa = XCBuildConfiguration;
			buildSettings = {
				ALWAYS_SEARCH_USER_PATHS = NO;
				CLANG_ANALYZER_NONNULL = YES;
				CLANG_ANALYZER_NUMBER_OBJECT_CONVERSION = YES_AGGRESSIVE;
				CLANG_CXX_LANGUAGE_STANDARD = "gnu++20";
				CLANG_ENABLE_MODULES = YES;
				CLANG_ENABLE_OBJC_ARC = YES;
				CLANG_ENABLE_OBJC_WEAK = YES;
				CLANG_WARN_BLOCK_CAPTURE_AUTORELEASING = YES;
				CLANG_WARN_BOOL_CONVERSION = YES;
				CLANG_WARN_COMMA = YES;
				CLANG_WARN_CONSTANT_CONVERSION = YES;
				CLANG_WARN_DEPRECATED_OBJC_IMPLEMENTATIONS = YES;
				CLANG_WARN_DIRECT_OBJC_ISA_USAGE = YES_ERROR;
				CLANG_WARN_DOCUMENTATION_COMMENTS = YES;
				CLANG_WARN_EMPTY_BODY = YES;
				CLANG_WARN_ENUM_CONVERSION = YES;
				CLANG_WARN_INFINITE_RECURSION = YES;
				CLANG_WARN_INT_CONVERSION = YES;
				CLANG_WARN_NON_LITERAL_NULL_CONVERSION = YES;
				CLANG_WARN_OBJC_IMPLICIT_RETAIN_SELF = YES;
				CLANG_WARN_OBJC_LITERAL_CONVERSION = YES;
				CLANG_WARN_OBJC_ROOT_CLASS = YES_ERROR;
				CLANG_WARN_QUOTED_INCLUDE_IN_FRAMEWORK_HEADER = YES;
				CLANG_WARN_RANGE_LOOP_ANALYSIS = YES;
				CLANG_WARN_STRICT_PROTOTYPES = YES;
				CLANG_WARN_SUSPICIOUS_MOVE = YES;
				CLANG_WARN_UNGUARDED_AVAILABILITY = YES_AGGRESSIVE;
				CLANG_WARN_UNREACHABLE_CODE = YES;
				CLANG_WARN__DUPLICATE_METHOD_MATCH = YES;
				COPY_PHASE_STRIP = NO;
				DEBUG_INFORMATION_FORMAT = "dwarf-with-dsym";
				ENABLE_NS_ASSERTIONS = NO;
				ENABLE_STRICT_OBJC_MSGSEND = YES;
				GCC_C_LANGUAGE_STANDARD = gnu11;
				GCC_NO_COMMON_BLOCKS = YES;
				GCC_WARN_64_TO_32_BIT_CONVERSION = YES;
				GCC_WARN_ABOUT_RETURN_TYPE = YES_ERROR;
				GCC_WARN_UNDECLARED_SELECTOR = YES;
				GCC_WARN_UNINITIALIZED_AUTOS = YES_AGGRESSIVE;
				GCC_WARN_UNUSED_FUNCTION = YES;
				GCC_WARN_UNUSED_VARIABLE = YES;
				IPHONEOS_DEPLOYMENT_TARGET = 16.1;
				MTL_ENABLE_DEBUG_INFO = NO;
				MTL_FAST_MATH = YES;
				SDKROOT = iphoneos;
				SWIFT_COMPILATION_MODE = wholemodule;
				SWIFT_OPTIMIZATION_LEVEL = "-O";
				VALIDATE_PRODUCT = YES;
			};
			name = Release;
		};
		8BA36205298F26C2006EC070 /* Debug */ = {
			isa = XCBuildConfiguration;
			buildSettings = {
				ASSETCATALOG_COMPILER_APPICON_NAME = AppIcon;
				ASSETCATALOG_COMPILER_GLOBAL_ACCENT_COLOR_NAME = AccentColor;
				CODE_SIGN_STYLE = Automatic;
				CURRENT_PROJECT_VERSION = 1;
				DEBUG_INFORMATION_FORMAT = "dwarf-with-dsym";
				DEVELOPMENT_ASSET_PATHS = "\"iOSFirebaseDemos/Preview Content\"";
				ENABLE_PREVIEWS = YES;
				GENERATE_INFOPLIST_FILE = YES;
				INFOPLIST_KEY_UIApplicationSceneManifest_Generation = YES;
				INFOPLIST_KEY_UIApplicationSupportsIndirectInputEvents = YES;
				INFOPLIST_KEY_UILaunchScreen_Generation = YES;
				INFOPLIST_KEY_UISupportedInterfaceOrientations_iPad = "UIInterfaceOrientationPortrait UIInterfaceOrientationPortraitUpsideDown UIInterfaceOrientationLandscapeLeft UIInterfaceOrientationLandscapeRight";
				INFOPLIST_KEY_UISupportedInterfaceOrientations_iPhone = "UIInterfaceOrientationPortrait UIInterfaceOrientationLandscapeLeft UIInterfaceOrientationLandscapeRight";
				LD_RUNPATH_SEARCH_PATHS = (
					"$(inherited)",
					"@executable_path/Frameworks",
				);
				MARKETING_VERSION = 1.0;
				PRODUCT_BUNDLE_IDENTIFIER = com.ba.iOSFirebaseDemos;
				PRODUCT_NAME = "$(TARGET_NAME)";
				SWIFT_EMIT_LOC_STRINGS = YES;
				SWIFT_VERSION = 5.0;
				TARGETED_DEVICE_FAMILY = "1,2";
			};
			name = Debug;
		};
		8BA36206298F26C2006EC070 /* Release */ = {
			isa = XCBuildConfiguration;
			buildSettings = {
				ASSETCATALOG_COMPILER_APPICON_NAME = AppIcon;
				ASSETCATALOG_COMPILER_GLOBAL_ACCENT_COLOR_NAME = AccentColor;
				CODE_SIGN_STYLE = Automatic;
				CURRENT_PROJECT_VERSION = 1;
				DEVELOPMENT_ASSET_PATHS = "\"iOSFirebaseDemos/Preview Content\"";
				ENABLE_PREVIEWS = YES;
				GENERATE_INFOPLIST_FILE = YES;
				INFOPLIST_KEY_UIApplicationSceneManifest_Generation = YES;
				INFOPLIST_KEY_UIApplicationSupportsIndirectInputEvents = YES;
				INFOPLIST_KEY_UILaunchScreen_Generation = YES;
				INFOPLIST_KEY_UISupportedInterfaceOrientations_iPad = "UIInterfaceOrientationPortrait UIInterfaceOrientationPortraitUpsideDown UIInterfaceOrientationLandscapeLeft UIInterfaceOrientationLandscapeRight";
				INFOPLIST_KEY_UISupportedInterfaceOrientations_iPhone = "UIInterfaceOrientationPortrait UIInterfaceOrientationLandscapeLeft UIInterfaceOrientationLandscapeRight";
				LD_RUNPATH_SEARCH_PATHS = (
					"$(inherited)",
					"@executable_path/Frameworks",
				);
				MARKETING_VERSION = 1.0;
				PRODUCT_BUNDLE_IDENTIFIER = com.ba.iOSFirebaseDemos;
				PRODUCT_NAME = "$(TARGET_NAME)";
				SWIFT_EMIT_LOC_STRINGS = YES;
				SWIFT_VERSION = 5.0;
				TARGETED_DEVICE_FAMILY = "1,2";
			};
			name = Release;
		};
		8BA36208298F26C2006EC070 /* Debug */ = {
			isa = XCBuildConfiguration;
			buildSettings = {
				ALWAYS_EMBED_SWIFT_STANDARD_LIBRARIES = YES;
				BUNDLE_LOADER = "$(TEST_HOST)";
				CODE_SIGN_STYLE = Automatic;
				CURRENT_PROJECT_VERSION = 1;
				GENERATE_INFOPLIST_FILE = YES;
				IPHONEOS_DEPLOYMENT_TARGET = 16.1;
				MARKETING_VERSION = 1.0;
				PRODUCT_BUNDLE_IDENTIFIER = com.ba.iOSFirebaseDemosTests;
				PRODUCT_NAME = "$(TARGET_NAME)";
				SWIFT_EMIT_LOC_STRINGS = NO;
				SWIFT_VERSION = 5.0;
				TARGETED_DEVICE_FAMILY = "1,2";
				TEST_HOST = "$(BUILT_PRODUCTS_DIR)/iOSFirebaseDemos.app/$(BUNDLE_EXECUTABLE_FOLDER_PATH)/iOSFirebaseDemos";
			};
			name = Debug;
		};
		8BA36209298F26C2006EC070 /* Release */ = {
			isa = XCBuildConfiguration;
			buildSettings = {
				ALWAYS_EMBED_SWIFT_STANDARD_LIBRARIES = YES;
				BUNDLE_LOADER = "$(TEST_HOST)";
				CODE_SIGN_STYLE = Automatic;
				CURRENT_PROJECT_VERSION = 1;
				GENERATE_INFOPLIST_FILE = YES;
				IPHONEOS_DEPLOYMENT_TARGET = 16.1;
				MARKETING_VERSION = 1.0;
				PRODUCT_BUNDLE_IDENTIFIER = com.ba.iOSFirebaseDemosTests;
				PRODUCT_NAME = "$(TARGET_NAME)";
				SWIFT_EMIT_LOC_STRINGS = NO;
				SWIFT_VERSION = 5.0;
				TARGETED_DEVICE_FAMILY = "1,2";
				TEST_HOST = "$(BUILT_PRODUCTS_DIR)/iOSFirebaseDemos.app/$(BUNDLE_EXECUTABLE_FOLDER_PATH)/iOSFirebaseDemos";
			};
			name = Release;
		};
		8BA3620B298F26C2006EC070 /* Debug */ = {
			isa = XCBuildConfiguration;
			buildSettings = {
				ALWAYS_EMBED_SWIFT_STANDARD_LIBRARIES = YES;
				CODE_SIGN_STYLE = Automatic;
				CURRENT_PROJECT_VERSION = 1;
				GENERATE_INFOPLIST_FILE = YES;
				MARKETING_VERSION = 1.0;
				PRODUCT_BUNDLE_IDENTIFIER = com.ba.iOSFirebaseDemosUITests;
				PRODUCT_NAME = "$(TARGET_NAME)";
				SWIFT_EMIT_LOC_STRINGS = NO;
				SWIFT_VERSION = 5.0;
				TARGETED_DEVICE_FAMILY = "1,2";
				TEST_TARGET_NAME = iOSFirebaseDemos;
			};
			name = Debug;
		};
		8BA3620C298F26C2006EC070 /* Release */ = {
			isa = XCBuildConfiguration;
			buildSettings = {
				ALWAYS_EMBED_SWIFT_STANDARD_LIBRARIES = YES;
				CODE_SIGN_STYLE = Automatic;
				CURRENT_PROJECT_VERSION = 1;
				GENERATE_INFOPLIST_FILE = YES;
				MARKETING_VERSION = 1.0;
				PRODUCT_BUNDLE_IDENTIFIER = com.ba.iOSFirebaseDemosUITests;
				PRODUCT_NAME = "$(TARGET_NAME)";
				SWIFT_EMIT_LOC_STRINGS = NO;
				SWIFT_VERSION = 5.0;
				TARGETED_DEVICE_FAMILY = "1,2";
				TEST_TARGET_NAME = iOSFirebaseDemos;
			};
			name = Release;
		};
/* End XCBuildConfiguration section */

/* Begin XCConfigurationList section */
		8BA361DB298F26C0006EC070 /* Build configuration list for PBXProject "iOSFirebaseDemos" */ = {
			isa = XCConfigurationList;
			buildConfigurations = (
				8BA36202298F26C2006EC070 /* Debug */,
				8BA36203298F26C2006EC070 /* Release */,
			);
			defaultConfigurationIsVisible = 0;
			defaultConfigurationName = Release;
		};
		8BA36204298F26C2006EC070 /* Build configuration list for PBXNativeTarget "iOSFirebaseDemos" */ = {
			isa = XCConfigurationList;
			buildConfigurations = (
				8BA36205298F26C2006EC070 /* Debug */,
				8BA36206298F26C2006EC070 /* Release */,
			);
			defaultConfigurationIsVisible = 0;
			defaultConfigurationName = Release;
		};
		8BA36207298F26C2006EC070 /* Build configuration list for PBXNativeTarget "iOSFirebaseDemosTests" */ = {
			isa = XCConfigurationList;
			buildConfigurations = (
				8BA36208298F26C2006EC070 /* Debug */,
				8BA36209298F26C2006EC070 /* Release */,
			);
			defaultConfigurationIsVisible = 0;
			defaultConfigurationName = Release;
		};
		8BA3620A298F26C2006EC070 /* Build configuration list for PBXNativeTarget "iOSFirebaseDemosUITests" */ = {
			isa = XCConfigurationList;
			buildConfigurations = (
				8BA3620B298F26C2006EC070 /* Debug */,
				8BA3620C298F26C2006EC070 /* Release */,
			);
			defaultConfigurationIsVisible = 0;
			defaultConfigurationName = Release;
		};
/* End XCConfigurationList section */

/* Begin XCRemoteSwiftPackageReference section */
		8BA3620D298F2900006EC070 /* XCRemoteSwiftPackageReference "firebase-ios-sdk" */ = {
			isa = XCRemoteSwiftPackageReference;
			repositoryURL = "https://github.com/firebase/firebase-ios-sdk";
			requirement = {
				kind = upToNextMajorVersion;
				minimumVersion = 9.0.0;
			};
		};
/* End XCRemoteSwiftPackageReference section */

/* Begin XCSwiftPackageProductDependency section */
		8BA3620E298F2900006EC070 /* FirebaseAnalytics */ = {
			isa = XCSwiftPackageProductDependency;
			package = 8BA3620D298F2900006EC070 /* XCRemoteSwiftPackageReference "firebase-ios-sdk" */;
			productName = FirebaseAnalytics;
		};
		8BA36210298F2900006EC070 /* FirebaseCrashlytics */ = {
			isa = XCSwiftPackageProductDependency;
			package = 8BA3620D298F2900006EC070 /* XCRemoteSwiftPackageReference "firebase-ios-sdk" */;
			productName = FirebaseCrashlytics;
		};
/* End XCSwiftPackageProductDependency section */
	};
	rootObject = 8BA361D8298F26C0006EC070 /* Project object */;
}
